Microsoft Visual Studio Solution File, Format Version 12.00
# Visual Studio Version 17
VisualStudioVersion = 17.5.2.0
MinimumVisualStudioVersion = 10.0.40219.1
Project("{FAE04EC0-301F-11D3-BF4B-00C04F79EFBC}") = "BankAccountSim", "BankAccountSim.csproj", "{DFFED9DE-763B-16F7-EDB0-C80F527A70CD}"
EndProject
Global
	GlobalSection(SolutionConfigurationPlatforms) = preSolution
		Debug|Any CPU = Debug|Any CPU
		Release|Any CPU = Release|Any CPU
	EndGlobalSection
	GlobalSection(ProjectConfigurationPlatforms) = postSolution
		{DFFED9DE-763B-16F7-EDB0-C80F527A70CD}.Debug|Any CPU.ActiveCfg = Debug|Any CPU
		{DFFED9DE-763B-16F7-EDB0-C80F527A70CD}.Debug|Any CPU.Build.0 = Debug|Any CPU
		{DFFED9DE-763B-16F7-EDB0-C80F527A70CD}.Release|Any CPU.ActiveCfg = Release|Any CPU
		{DFFED9DE-763B-16F7-EDB0-C80F527A70CD}.Release|Any CPU.Build.0 = Release|Any CPU
	EndGlobalSection
	GlobalSection(SolutionProperties) = preSolution
		HideSolutionNode = FALSE
	EndGlobalSection
	GlobalSection(ExtensibilityGlobals) = postSolution
		SolutionGuid = {1C238E8B-5FAF-4164-A91F-F43281B00B3C}
	EndGlobalSection
EndGlobal
